// !$*UTF8*$!
{
	archiveVersion = 1;
	classes = {
	};
	objectVersion = 46;
	objects = {

/* Begin PBXBuildFile section */
		04030BC21CBB9E65005DCF5B /* AppDelegate.swift in Sources */ = {isa = PBXBuildFile; fileRef = 04030BC11CBB9E65005DCF5B /* AppDelegate.swift */; };
		04030BC41CBB9E65005DCF5B /* ViewController.swift in Sources */ = {isa = PBXBuildFile; fileRef = 04030BC31CBB9E65005DCF5B /* ViewController.swift */; };
		04030BC91CBB9E65005DCF5B /* Assets.xcassets in Resources */ = {isa = PBXBuildFile; fileRef = 04030BC81CBB9E65005DCF5B /* Assets.xcassets */; };
		04030BCC1CBB9E65005DCF5B /* Main.storyboard in Resources */ = {isa = PBXBuildFile; fileRef = 04030BCA1CBB9E65005DCF5B /* Main.storyboard */; };
		04975C951CCE117E003B5372 /* Model.xcdatamodel in Sources */ = {isa = PBXBuildFile; fileRef = 04975C941CCE117E003B5372 /* Model.xcdatamodel */; };
		04975C971CD0BEA7003B5372 /* DataController.swift in Sources */ = {isa = PBXBuildFile; fileRef = 04975C961CD0BEA7003B5372 /* DataController.swift */; };
		04975C991CD0C98C003B5372 /* Users.swift in Sources */ = {isa = PBXBuildFile; fileRef = 04975C981CD0C98C003B5372 /* Users.swift */; };
/* End PBXBuildFile section */

/* Begin PBXFileReference section */
		04030BBE1CBB9E65005DCF5B /* HealthManager.app */ = {isa = PBXFileReference; explicitFileType = wrapper.application; includeInIndex = 0; path = HealthManager.app; sourceTree = BUILT_PRODUCTS_DIR; };
		04030BC11CBB9E65005DCF5B /* AppDelegate.swift */ = {isa = PBXFileReference; lastKnownFileType = sourcecode.swift; path = AppDelegate.swift; sourceTree = "<group>"; };
		04030BC31CBB9E65005DCF5B /* ViewController.swift */ = {isa = PBXFileReference; lastKnownFileType = sourcecode.swift; path = ViewController.swift; sourceTree = "<group>"; };
		04030BC81CBB9E65005DCF5B /* Assets.xcassets */ = {isa = PBXFileReference; lastKnownFileType = folder.assetcatalog; path = Assets.xcassets; sourceTree = "<group>"; };
		04030BCB1CBB9E65005DCF5B /* Base */ = {isa = PBXFileReference; lastKnownFileType = file.storyboard; name = Base; path = Base.lproj/Main.storyboard; sourceTree = "<group>"; };
		04030BCD1CBB9E65005DCF5B /* Info.plist */ = {isa = PBXFileReference; lastKnownFileType = text.plist.xml; path = Info.plist; sourceTree = "<group>"; };
		04975C941CCE117E003B5372 /* Model.xcdatamodel */ = {isa = PBXFileReference; lastKnownFileType = wrapper.xcdatamodel; name = Model.xcdatamodel; path = HealthManager.xcdatamodeld/Model.xcdatamodel; sourceTree = "<group>"; };
		04975C961CD0BEA7003B5372 /* DataController.swift */ = {isa = PBXFileReference; fileEncoding = 4; lastKnownFileType = sourcecode.swift; path = DataController.swift; sourceTree = "<group>"; };
		04975C981CD0C98C003B5372 /* Users.swift */ = {isa = PBXFileReference; fileEncoding = 4; lastKnownFileType = sourcecode.swift; path = Users.swift; sourceTree = "<group>"; };
/* End PBXFileReference section */

/* Begin PBXFrameworksBuildPhase section */
		04030BBB1CBB9E65005DCF5B /* Frameworks */ = {
			isa = PBXFrameworksBuildPhase;
			buildActionMask = 2147483647;
			files = (
			);
			runOnlyForDeploymentPostprocessing = 0;
		};
/* End PBXFrameworksBuildPhase section */

/* Begin PBXGroup section */
		04030BB51CBB9E65005DCF5B = {
			isa = PBXGroup;
			children = (
				04030BC01CBB9E65005DCF5B /* HealthManager */,
				04030BBF1CBB9E65005DCF5B /* Products */,
			);
			sourceTree = "<group>";
		};
		04030BBF1CBB9E65005DCF5B /* Products */ = {
			isa = PBXGroup;
			children = (
				04030BBE1CBB9E65005DCF5B /* HealthManager.app */,
			);
			name = Products;
			sourceTree = "<group>";
		};
		04030BC01CBB9E65005DCF5B /* HealthManager */ = {
			isa = PBXGroup;
			children = (
				04030BC11CBB9E65005DCF5B /* AppDelegate.swift */,
				04030BC31CBB9E65005DCF5B /* ViewController.swift */,
				04030BC81CBB9E65005DCF5B /* Assets.xcassets */,
				04030BCA1CBB9E65005DCF5B /* Main.storyboard */,
				04030BCD1CBB9E65005DCF5B /* Info.plist */,
				04975C941CCE117E003B5372 /* Model.xcdatamodel */,
				04975C961CD0BEA7003B5372 /* DataController.swift */,
				04975C981CD0C98C003B5372 /* Users.swift */,
			);
			path = HealthManager;
			sourceTree = "<group>";
		};
/* End PBXGroup section */

/* Begin PBXNativeTarget section */
		04030BBD1CBB9E65005DCF5B /* HealthManager */ = {
			isa = PBXNativeTarget;
			buildConfigurationList = 04030BD01CBB9E65005DCF5B /* Build configuration list for PBXNativeTarget "HealthManager" */;
			buildPhases = (
				04030BBA1CBB9E65005DCF5B /* Sources */,
				04030BBB1CBB9E65005DCF5B /* Frameworks */,
				04030BBC1CBB9E65005DCF5B /* Resources */,
			);
			buildRules = (
			);
			dependencies = (
			);
			name = HealthManager;
			productName = HealthManager;
			productReference = 04030BBE1CBB9E65005DCF5B /* HealthManager.app */;
			productType = "com.apple.product-type.application";
		};
/* End PBXNativeTarget section */

/* Begin PBXProject section */
		04030BB61CBB9E65005DCF5B /* Project object */ = {
			isa = PBXProject;
			attributes = {
				LastSwiftUpdateCheck = 0720;
				LastUpgradeCheck = 0720;
				ORGANIZATIONNAME = "Aleix Fargas";
				TargetAttributes = {
					04030BBD1CBB9E65005DCF5B = {
						CreatedOnToolsVersion = 7.2.1;
					};
				};
			};
			buildConfigurationList = 04030BB91CBB9E65005DCF5B /* Build configuration list for PBXProject "HealthManager" */;
			compatibilityVersion = "Xcode 3.2";
			developmentRegion = English;
			hasScannedForEncodings = 0;
			knownRegions = (
				en,
				Base,
			);
			mainGroup = 04030BB51CBB9E65005DCF5B;
			productRefGroup = 04030BBF1CBB9E65005DCF5B /* Products */;
			projectDirPath = "";
			projectRoot = "";
			targets = (
				04030BBD1CBB9E65005DCF5B /* HealthManager */,
			);
		};
/* End PBXProject section */

/* Begin PBXResourcesBuildPhase section */
		04030BBC1CBB9E65005DCF5B /* Resources */ = {
			isa = PBXResourcesBuildPhase;
			buildActionMask = 2147483647;
			files = (
				04030BC91CBB9E65005DCF5B /* Assets.xcassets in Resources */,
				04030BCC1CBB9E65005DCF5B /* Main.storyboard in Resources */,
			);
			runOnlyForDeploymentPostprocessing = 0;
		};
/* End PBXResourcesBuildPhase section */

/* Begin PBXSourcesBuildPhase section */
		04030BBA1CBB9E65005DCF5B /* Sources */ = {
			isa = PBXSourcesBuildPhase;
			buildActionMask = 2147483647;
			files = (
				04975C991CD0C98C003B5372 /* Users.swift in Sources */,
				04030BC41CBB9E65005DCF5B /* ViewController.swift in Sources */,
				04975C971CD0BEA7003B5372 /* DataController.swift in Sources */,
				04030BC21CBB9E65005DCF5B /* AppDelegate.swift in Sources */,
				04975C951CCE117E003B5372 /* Model.xcdatamodel in Sources */,
			);
			runOnlyForDeploymentPostprocessing = 0;
		};
/* End PBXSourcesBuildPhase section */

/* Begin PBXVariantGroup section */
		04030BCA1CBB9E65005DCF5B /* Main.storyboard */ = {
			isa = PBXVariantGroup;
			children = (
				04030BCB1CBB9E65005DCF5B /* Base */,
			);
			name = Main.storyboard;
			sourceTree = "<group>";
		};
/* End PBXVariantGroup section */

/* Begin XCBuildConfiguration section */
		04030BCE1CBB9E65005DCF5B /* Debug */ = {
			isa = XCBuildConfiguration;
			buildSettings = {
				ALWAYS_SEARCH_USER_PATHS = NO;
				CLANG_CXX_LANGUAGE_STANDARD = "gnu++0x";
				CLANG_CXX_LIBRARY = "libc++";
				CLANG_ENABLE_MODULES = YES;
				CLANG_ENABLE_OBJC_ARC = YES;
				CLANG_WARN_BOOL_CONVERSION = YES;
				CLANG_WARN_CONSTANT_CONVERSION = YES;
				CLANG_WARN_DIRECT_OBJC_ISA_USAGE = YES_ERROR;
				CLANG_WARN_EMPTY_BODY = YES;
				CLANG_WARN_ENUM_CONVERSION = YES;
				CLANG_WARN_INT_CONVERSION = YES;
				CLANG_WARN_OBJC_ROOT_CLASS = YES_ERROR;
				CLANG_WARN_UNREACHABLE_CODE = YES;
				CLANG_WARN__DUPLICATE_METHOD_MATCH = YES;
				CODE_SIGN_IDENTITY = "-";
				COPY_PHASE_STRIP = NO;
				DEBUG_INFORMATION_FORMAT = dwarf;
				ENABLE_STRICT_OBJC_MSGSEND = YES;
				ENABLE_TESTABILITY = YES;
				GCC_C_LANGUAGE_STANDARD = gnu99;
				GCC_DYNAMIC_NO_PIC = NO;
				GCC_NO_COMMON_BLOCKS = YES;
				GCC_OPTIMIZATION_LEVEL = 0;
				GCC_PREPROCESSOR_DEFINITIONS = (
					"DEBUG=1",
					"$(inherited)",
				);
				GCC_WARN_64_TO_32_BIT_CONVERSION = YES;
				GCC_WARN_ABOUT_RETURN_TYPE = YES_ERROR;
				GCC_WARN_UNDECLARED_SELECTOR = YES;
				GCC_WARN_UNINITIALIZED_AUTOS = YES_AGGRESSIVE;
				GCC_WARN_UNUSED_FUNCTION = YES;
				GCC_WARN_UNUSED_VARIABLE = YES;
				MACOSX_DEPLOYMENT_TARGET = 10.10;
				MTL_ENABLE_DEBUG_INFO = YES;
				ONLY_ACTIVE_ARCH = YES;
				SDKROOT = macosx;
				SWIFT_OPTIMIZATION_LEVEL = "-Onone";
			};
			name = Debug;
		};
		04030BCF1CBB9E65005DCF5B /* Release */ = {
			isa = XCBuildConfiguration;
			buildSettings = {
				ALWAYS_SEARCH_USER_PATHS = NO;
				CLANG_CXX_LANGUAGE_STANDARD = "gnu++0x";
				CLANG_CXX_LIBRARY = "libc++";
				CLANG_ENABLE_MODULES = YES;
				CLANG_ENABLE_OBJC_ARC = YES;
				CLANG_WARN_BOOL_CONVERSION = YES;
				CLANG_WARN_CONSTANT_CONVERSION = YES;
				CLANG_WARN_DIRECT_OBJC_ISA_USAGE = YES_ERROR;
				CLANG_WARN_EMPTY_BODY = YES;
				CLANG_WARN_ENUM_CONVERSION = YES;
				CLANG_WARN_INT_CONVERSION = YES;
				CLANG_WARN_OBJC_ROOT_CLASS = YES_ERROR;
				CLANG_WARN_UNREACHABLE_CODE = YES;
				CLANG_WARN__DUPLICATE_METHOD_MATCH = YES;
				CODE_SIGN_IDENTITY = "-";
				COPY_PHASE_STRIP = NO;
				DEBUG_INFORMATION_FORMAT = "dwarf-with-dsym";
				ENABLE_NS_ASSERTIONS = NO;
				ENABLE_STRICT_OBJC_MSGSEND = YES;
				GCC_C_LANGUAGE_STANDARD = gnu99;
				GCC_NO_COMMON_BLOCKS = YES;
				GCC_WARN_64_TO_32_BIT_CONVERSION = YES;
				GCC_WARN_ABOUT_RETURN_TYPE = YES_ERROR;
				GCC_WARN_UNDECLARED_SELECTOR = YES;
				GCC_WARN_UNINITIALIZED_AUTOS = YES_AGGRESSIVE;
				GCC_WARN_UNUSED_FUNCTION = YES;
				GCC_WARN_UNUSED_VARIABLE = YES;
				MACOSX_DEPLOYMENT_TARGET = 10.10;
				MTL_ENABLE_DEBUG_INFO = NO;
				SDKROOT = macosx;
			};
			name = Release;
		};
		04030BD11CBB9E65005DCF5B /* Debug */ = {
			isa = XCBuildConfiguration;
			buildSettings = {
				ASSETCATALOG_COMPILER_APPICON_NAME = AppIcon;
				COMBINE_HIDPI_IMAGES = YES;
				INFOPLIST_FILE = HealthManager/Info.plist;
				LD_RUNPATH_SEARCH_PATHS = "$(inherited) @executable_path/../Frameworks";
				PRODUCT_BUNDLE_IDENTIFIER = CareYourHealth.HealthManager;
				PRODUCT_NAME = "$(TARGET_NAME)";
			};
			name = Debug;
		};
		04030BD21CBB9E65005DCF5B /* Release */ = {
			isa = XCBuildConfiguration;
			buildSettings = {
				ASSETCATALOG_COMPILER_APPICON_NAME = AppIcon;
				COMBINE_HIDPI_IMAGES = YES;
				INFOPLIST_FILE = HealthManager/Info.plist;
				LD_RUNPATH_SEARCH_PATHS = "$(inherited) @executable_path/../Frameworks";
				PRODUCT_BUNDLE_IDENTIFIER = CareYourHealth.HealthManager;
				PRODUCT_NAME = "$(TARGET_NAME)";
			};
			name = Release;
		};
/* End XCBuildConfiguration section */

/* Begin XCConfigurationList section */
		04030BB91CBB9E65005DCF5B /* Build configuration list for PBXProject "HealthManager" */ = {
			isa = XCConfigurationList;
			buildConfigurations = (
				04030BCE1CBB9E65005DCF5B /* Debug */,
				04030BCF1CBB9E65005DCF5B /* Release */,
			);
			defaultConfigurationIsVisible = 0;
			defaultConfigurationName = Release;
		};
		04030BD01CBB9E65005DCF5B /* Build configuration list for PBXNativeTarget "HealthManager" */ = {
			isa = XCConfigurationList;
			buildConfigurations = (
				04030BD11CBB9E65005DCF5B /* Debug */,
				04030BD21CBB9E65005DCF5B /* Release */,
			);
			defaultConfigurationIsVisible = 0;
			defaultConfigurationName = Release;
		};
/* End XCConfigurationList section */
	};
	rootObject = 04030BB61CBB9E65005DCF5B /* Project object */;
}
